
Microsoft Visual Studio Solution File, Format Version 12.00
# Visual Studio 15
VisualStudioVersion = 15.0.27703.2047
MinimumVisualStudioVersion = 10.0.40219.1
Project("{FAE04EC0-301F-11D3-BF4B-00C04F79EFBC}") = "NetStandardBoard", "NetStandardBoard\NetStandardBoard.csproj", "{A94FB866-FEB0-41F4-9606-D9939CA86038}"
EndProject
Global
	GlobalSection(SolutionConfigurationPlatforms) = preSolution
		Debug|Any CPU = Debug|Any CPU
		Release|Any CPU = Release|Any CPU
	EndGlobalSection
	GlobalSection(ProjectConfigurationPlatforms) = postSolution
		{A94FB866-FEB0-41F4-9606-D9939CA86038}.Debug|Any CPU.ActiveCfg = Debug|Any CPU
		{A94FB866-FEB0-41F4-9606-D9939CA86038}.Debug|Any CPU.Build.0 = Debug|Any CPU
		{A94FB866-FEB0-41F4-9606-D9939CA86038}.Release|Any CPU.ActiveCfg = Release|Any CPU
		{A94FB866-FEB0-41F4-9606-D9939CA86038}.Release|Any CPU.Build.0 = Release|Any CPU
	EndGlobalSection
	GlobalSection(SolutionProperties) = preSolution
		HideSolutionNode = FALSE
	EndGlobalSection
	GlobalSection(ExtensibilityGlobals) = postSolution
		SolutionGuid = {A6C09DA9-3B70-4851-B86C-FAE4794F5432}
	EndGlobalSection
EndGlobal
